{
  "requires": true,
  "lockfileVersion": 1,
  "dependencies": {
    "jquery": {
      "version": "3.3.1",
      "resolved": "https://registry.npmjs.org/jquery/-/jquery-3.3.1.tgz",
      "integrity": "sha512-Ubldcmxp5np52/ENotGxlLe6aGMvmF4R8S6tZjsP6Knsaxd/xp3Zrh50cG93lR6nPXyUFwzN3ZSOQI0wRJNdGg=="
    },
    "signalr": {
      "version": "2.4.0",
      "resolved": "https://registry.npmjs.org/signalr/-/signalr-2.4.0.tgz",
      "integrity": "sha512-GPJHb3pcNk3IUui5/WG8lMuarEn+Vpc8wEvJ60w0KQ43W9FHnJcuNcF8dkZePr81eBslzicsRdyEunKNF7KjZQ==",
      "requires": {
        "jquery": "3.3.1"
      }
    }
  }
}
