{
  "name": "otoflex",
  "version": "1.0.0",
  "lockfileVersion": 1,
  "requires": true,
  "dependencies": {
    "orderedmap": {
      "version": "1.0.0",
      "resolved": "https://registry.npmjs.org/orderedmap/-/orderedmap-1.0.0.tgz",
      "integrity": "sha1-2Q/Cuh7QhRkJB9YB3sbmpT+NQbo="
    },
    "prosemirror-model": {
      "version": "1.2.2",
      "resolved": "http://registry.npmjs.org/prosemirror-model/-/prosemirror-model-1.2.2.tgz",
      "integrity": "sha512-idToIFo71e1uDoi/+hTS3wM2YSGoBlQPoc2JfVHTOAeKzoID2U3lz8M6GAtJQiAdS+L5oFGhGM8tQitbU33wSg==",
      "requires": {
        "orderedmap": "^1.0.0"
      }
    },
    "prosemirror-schema-basic": {
      "version": "1.0.0",
      "resolved": "https://registry.npmjs.org/prosemirror-schema-basic/-/prosemirror-schema-basic-1.0.0.tgz",
      "integrity": "sha512-xTFjtuLZgcRS4MoDbUyI9NSk/k/ACLGKZQcDXH18ctM9BOmP4z5rGZcA014fCF2FnMFOU+lKwusL0JjVrEectQ==",
      "requires": {
        "prosemirror-model": "^1.0.0"
      }
    },
    "prosemirror-schema-list": {
      "version": "1.0.0",
      "resolved": "https://registry.npmjs.org/prosemirror-schema-list/-/prosemirror-schema-list-1.0.0.tgz",
      "integrity": "sha512-NPs+URTmYvU15dkMYxVIAb1i7/xZjDH+OWr3tlmF7Pvs0CYGUqTK4kFQDvlxs36s5jzl62nwD1/s7X+qToNAoQ==",
      "requires": {
        "prosemirror-model": "^1.0.0",
        "prosemirror-transform": "^1.0.0"
      }
    },
    "prosemirror-state": {
      "version": "1.2.2",
      "resolved": "https://registry.npmjs.org/prosemirror-state/-/prosemirror-state-1.2.2.tgz",
      "integrity": "sha512-j8aC/kf9BJSCQau485I/9pj39XQoce+TqH5xzekT7WWFARTsRYFLJtiXBcCKakv1VSeev+sC3bJP0pLfz7Ft8g==",
      "requires": {
        "prosemirror-model": "^1.0.0",
        "prosemirror-transform": "^1.0.0"
      }
    },
    "prosemirror-transform": {
      "version": "1.1.3",
      "resolved": "https://registry.npmjs.org/prosemirror-transform/-/prosemirror-transform-1.1.3.tgz",
      "integrity": "sha512-1O6Di5lOL1mp4nuCnQNkHY7l2roIW5y8RH4ZG3hMYmkmDEWzTaFFnxxAAHsE5ipGLBSRcTlP7SsDhYBIdSuLpQ==",
      "requires": {
        "prosemirror-model": "^1.0.0"
      }
    },
    "prosemirror-view": {
      "version": "1.0.0",
      "resolved": "https://registry.npmjs.org/prosemirror-view/-/prosemirror-view-1.0.0.tgz",
      "integrity": "sha512-Du4PEajxqmOA0kLZ4rZgGuc1/hZcesU0VMMzTOo717u5b25wYOcU1Tp9HiOdLn7yHac1JSjJGSwKIMsL93MM4w==",
      "requires": {
        "prosemirror-model": "^1.0.0",
        "prosemirror-state": "^1.0.0",
        "prosemirror-transform": "^1.0.0"
      }
    }
    //"tinymce": {
    //  "version": "4.9.0",
    //  "resolved": "https://registry.npmjs.org/tinymce/-/tinymce-4.9.0.tgz",
    //  "integrity": "sha512-hrPeCLXY/sVCo3i64CTW8P5xbDiEI8Uii/vWpcmQWAMhex6GWWd2U+L8WIMj5tKKGdfcIQAJfpfQthc/92bcKw=="
    //}
  }
}
